
Microsoft Visual Studio Solution File, Format Version 12.00
# Visual Studio Version 17
VisualStudioVersion = 17.7.34031.279
MinimumVisualStudioVersion = 10.0.40219.1
Project("{9A19103F-16F7-4668-BE54-9A1E7A4F7556}") = "Myriad.ECS", "Myriad.ECS\Myriad.ECS.csproj", "{03873B51-357C-42B8-8BC4-BFF922572F74}"
EndProject
Project("{9A19103F-16F7-4668-BE54-9A1E7A4F7556}") = "Myriad.ECS.Tests", "Myriad.ECS.Tests\Myriad.ECS.Tests.csproj", "{6DD3CD1E-78C3-4A77-9652-75C8C136D788}"
EndProject
Project("{9A19103F-16F7-4668-BE54-9A1E7A4F7556}") = "Benchmarks", "Benchmarks\Benchmarks.csproj", "{680E8964-CA4A-4640-9A83-CCB38C32E028}"
EndProject
Project("{9A19103F-16F7-4668-BE54-9A1E7A4F7556}") = "NBodyIntegrator", "NBodyIntegrator\NBodyIntegrator.csproj", "{90BEC8BE-67A3-484D-9CFF-91D3199D48DD}"
EndProject
Project("{2150E333-8FDC-42A3-9474-1A3956D46DE8}") = "Solution Items", "Solution Items", "{D92C09B4-A191-46FE-AB1B-0C7E618F658E}"
	ProjectSection(SolutionItems) = preProject
		.editorconfig = .editorconfig
	EndProjectSection
EndProject
Global
	GlobalSection(SolutionConfigurationPlatforms) = preSolution
		Debug|Any CPU = Debug|Any CPU
		Release|Any CPU = Release|Any CPU
	EndGlobalSection
	GlobalSection(ProjectConfigurationPlatforms) = postSolution
		{03873B51-357C-42B8-8BC4-BFF922572F74}.Debug|Any CPU.ActiveCfg = Debug|Any CPU
		{03873B51-357C-42B8-8BC4-BFF922572F74}.Debug|Any CPU.Build.0 = Debug|Any CPU
		{03873B51-357C-42B8-8BC4-BFF922572F74}.Release|Any CPU.ActiveCfg = Release|Any CPU
		{03873B51-357C-42B8-8BC4-BFF922572F74}.Release|Any CPU.Build.0 = Release|Any CPU
		{6DD3CD1E-78C3-4A77-9652-75C8C136D788}.Debug|Any CPU.ActiveCfg = Debug|Any CPU
		{6DD3CD1E-78C3-4A77-9652-75C8C136D788}.Debug|Any CPU.Build.0 = Debug|Any CPU
		{6DD3CD1E-78C3-4A77-9652-75C8C136D788}.Release|Any CPU.ActiveCfg = Release|Any CPU
		{6DD3CD1E-78C3-4A77-9652-75C8C136D788}.Release|Any CPU.Build.0 = Release|Any CPU
		{680E8964-CA4A-4640-9A83-CCB38C32E028}.Debug|Any CPU.ActiveCfg = Debug|Any CPU
		{680E8964-CA4A-4640-9A83-CCB38C32E028}.Debug|Any CPU.Build.0 = Debug|Any CPU
		{680E8964-CA4A-4640-9A83-CCB38C32E028}.Release|Any CPU.ActiveCfg = Release|Any CPU
		{680E8964-CA4A-4640-9A83-CCB38C32E028}.Release|Any CPU.Build.0 = Release|Any CPU
		{90BEC8BE-67A3-484D-9CFF-91D3199D48DD}.Debug|Any CPU.ActiveCfg = Debug|Any CPU
		{90BEC8BE-67A3-484D-9CFF-91D3199D48DD}.Debug|Any CPU.Build.0 = Debug|Any CPU
		{90BEC8BE-67A3-484D-9CFF-91D3199D48DD}.Release|Any CPU.ActiveCfg = Release|Any CPU
		{90BEC8BE-67A3-484D-9CFF-91D3199D48DD}.Release|Any CPU.Build.0 = Release|Any CPU
	EndGlobalSection
	GlobalSection(SolutionProperties) = preSolution
		HideSolutionNode = FALSE
	EndGlobalSection
	GlobalSection(ExtensibilityGlobals) = postSolution
		SolutionGuid = {3300C5B4-B7D6-496F-AF45-F509160B60E0}
	EndGlobalSection
EndGlobal
